
Microsoft Visual Studio Solution File, Format Version 12.00
# Visual Studio 2013
VisualStudioVersion = 12.0.31101.0
MinimumVisualStudioVersion = 10.0.40219.1
Project("{FAE04EC0-301F-11D3-BF4B-00C04F79EFBC}") = "ACKCMS", "ACKCMS\ACKCMS.csproj", "{47BB10C2-A13E-4C5A-863F-3FA7686D7EB3}"
EndProject
Project("{FAE04EC0-301F-11D3-BF4B-00C04F79EFBC}") = "ACKCMS.Contenidos", "ACKCMS.Contenidos\ACKCMS.Contenidos.csproj", "{9952F4F7-53BC-492A-AFEA-F1A35F367CD7}"
EndProject
Project("{FAE04EC0-301F-11D3-BF4B-00C04F79EFBC}") = "AcreditacionesBackend", "AcreditacionesBackend\AcreditacionesBackend.csproj", "{618788F4-4FC4-47A2-A5E7-7F79B147881B}"
EndProject
Project("{FAE04EC0-301F-11D3-BF4B-00C04F79EFBC}") = "EmailSender", "EmailSender\EmailSender.csproj", "{CD6FE6BC-572C-41D8-B803-477A2C90B4F3}"
EndProject
Project("{FAE04EC0-301F-11D3-BF4B-00C04F79EFBC}") = "WordIO", "WordIO\WordIO.csproj", "{47707F42-7165-4C39-8245-D10B8FE06AE8}"
EndProject
Global
	GlobalSection(SolutionConfigurationPlatforms) = preSolution
		Debug|Any CPU = Debug|Any CPU
		Release|Any CPU = Release|Any CPU
	EndGlobalSection
	GlobalSection(ProjectConfigurationPlatforms) = postSolution
		{47BB10C2-A13E-4C5A-863F-3FA7686D7EB3}.Debug|Any CPU.ActiveCfg = Debug|Any CPU
		{47BB10C2-A13E-4C5A-863F-3FA7686D7EB3}.Debug|Any CPU.Build.0 = Debug|Any CPU
		{47BB10C2-A13E-4C5A-863F-3FA7686D7EB3}.Release|Any CPU.ActiveCfg = Release|Any CPU
		{47BB10C2-A13E-4C5A-863F-3FA7686D7EB3}.Release|Any CPU.Build.0 = Release|Any CPU
		{9952F4F7-53BC-492A-AFEA-F1A35F367CD7}.Debug|Any CPU.ActiveCfg = Debug|Any CPU
		{9952F4F7-53BC-492A-AFEA-F1A35F367CD7}.Debug|Any CPU.Build.0 = Debug|Any CPU
		{9952F4F7-53BC-492A-AFEA-F1A35F367CD7}.Release|Any CPU.ActiveCfg = Release|Any CPU
		{9952F4F7-53BC-492A-AFEA-F1A35F367CD7}.Release|Any CPU.Build.0 = Release|Any CPU
		{618788F4-4FC4-47A2-A5E7-7F79B147881B}.Debug|Any CPU.ActiveCfg = Debug|Any CPU
		{618788F4-4FC4-47A2-A5E7-7F79B147881B}.Debug|Any CPU.Build.0 = Debug|Any CPU
		{618788F4-4FC4-47A2-A5E7-7F79B147881B}.Release|Any CPU.ActiveCfg = Release|Any CPU
		{618788F4-4FC4-47A2-A5E7-7F79B147881B}.Release|Any CPU.Build.0 = Release|Any CPU
		{CD6FE6BC-572C-41D8-B803-477A2C90B4F3}.Debug|Any CPU.ActiveCfg = Debug|Any CPU
		{CD6FE6BC-572C-41D8-B803-477A2C90B4F3}.Debug|Any CPU.Build.0 = Debug|Any CPU
		{CD6FE6BC-572C-41D8-B803-477A2C90B4F3}.Release|Any CPU.ActiveCfg = Release|Any CPU
		{CD6FE6BC-572C-41D8-B803-477A2C90B4F3}.Release|Any CPU.Build.0 = Release|Any CPU
		{47707F42-7165-4C39-8245-D10B8FE06AE8}.Debug|Any CPU.ActiveCfg = Debug|Any CPU
		{47707F42-7165-4C39-8245-D10B8FE06AE8}.Debug|Any CPU.Build.0 = Debug|Any CPU
		{47707F42-7165-4C39-8245-D10B8FE06AE8}.Release|Any CPU.ActiveCfg = Release|Any CPU
		{47707F42-7165-4C39-8245-D10B8FE06AE8}.Release|Any CPU.Build.0 = Release|Any CPU
	EndGlobalSection
	GlobalSection(SolutionProperties) = preSolution
		HideSolutionNode = FALSE
	EndGlobalSection
EndGlobal
